
Microsoft Visual Studio Solution File, Format Version 12.00
# Visual Studio Version 17
VisualStudioVersion = 17.7.34018.315
MinimumVisualStudioVersion = 10.0.40219.1
Project("{FAE04EC0-301F-11D3-BF4B-00C04F79EFBC}") = "COD4 Zonetool Manager", "COD4 Zonetool Manager\COD4 Zonetool Manager.csproj", "{2855C1A0-DCE4-45A7-AF94-4F881D6BE556}"
EndProject
Global
	GlobalSection(SolutionConfigurationPlatforms) = preSolution
		Debug|Any CPU = Debug|Any CPU
		Release|Any CPU = Release|Any CPU
	EndGlobalSection
	GlobalSection(ProjectConfigurationPlatforms) = postSolution
		{2855C1A0-DCE4-45A7-AF94-4F881D6BE556}.Debug|Any CPU.ActiveCfg = Debug|Any CPU
		{2855C1A0-DCE4-45A7-AF94-4F881D6BE556}.Debug|Any CPU.Build.0 = Debug|Any CPU
		{2855C1A0-DCE4-45A7-AF94-4F881D6BE556}.Release|Any CPU.ActiveCfg = Release|Any CPU
		{2855C1A0-DCE4-45A7-AF94-4F881D6BE556}.Release|Any CPU.Build.0 = Release|Any CPU
	EndGlobalSection
	GlobalSection(SolutionProperties) = preSolution
		HideSolutionNode = FALSE
	EndGlobalSection
	GlobalSection(ExtensibilityGlobals) = postSolution
		SolutionGuid = {DE443502-20AC-4843-82A9-25D4C8E16274}
	EndGlobalSection
EndGlobal
